
Microsoft Visual Studio Solution File, Format Version 12.00
# Visual Studio Version 17
VisualStudioVersion = 17.0.31903.59
MinimumVisualStudioVersion = 10.0.40219.1
Project("{2150E333-8FDC-42A3-9474-1A3956D46DE8}") = "src", "src", "{5CC9AA90-E9A7-4A5B-99C8-5FCE4A9EF469}"
EndProject
Project("{FAE04EC0-301F-11D3-BF4B-00C04F79EFBC}") = "UniEats.Api", "src\UniEats.Api\UniEats.Api.csproj", "{B0678073-B0F7-419E-9F4C-ED42EE2E2BA8}"
EndProject
Project("{FAE04EC0-301F-11D3-BF4B-00C04F79EFBC}") = "UniEats.Application", "src\UniEats.Application\UniEats.Application.csproj", "{EDFF6554-D1B6-4726-8B6F-E5AC7D919E1A}"
EndProject
Project("{FAE04EC0-301F-11D3-BF4B-00C04F79EFBC}") = "UniEats.Domain", "src\UniEats.Domain\UniEats.Domain.csproj", "{F67E5D13-E95A-4515-A433-1BF5C95D3D61}"
EndProject
Global
	GlobalSection(SolutionConfigurationPlatforms) = preSolution
		Debug|Any CPU = Debug|Any CPU
		Release|Any CPU = Release|Any CPU
	EndGlobalSection
	GlobalSection(SolutionProperties) = preSolution
		HideSolutionNode = FALSE
	EndGlobalSection
	GlobalSection(ProjectConfigurationPlatforms) = postSolution
		{B0678073-B0F7-419E-9F4C-ED42EE2E2BA8}.Debug|Any CPU.ActiveCfg = Debug|Any CPU
		{B0678073-B0F7-419E-9F4C-ED42EE2E2BA8}.Debug|Any CPU.Build.0 = Debug|Any CPU
		{B0678073-B0F7-419E-9F4C-ED42EE2E2BA8}.Release|Any CPU.ActiveCfg = Release|Any CPU
		{B0678073-B0F7-419E-9F4C-ED42EE2E2BA8}.Release|Any CPU.Build.0 = Release|Any CPU
		{EDFF6554-D1B6-4726-8B6F-E5AC7D919E1A}.Debug|Any CPU.ActiveCfg = Debug|Any CPU
		{EDFF6554-D1B6-4726-8B6F-E5AC7D919E1A}.Debug|Any CPU.Build.0 = Debug|Any CPU
		{EDFF6554-D1B6-4726-8B6F-E5AC7D919E1A}.Release|Any CPU.ActiveCfg = Release|Any CPU
		{EDFF6554-D1B6-4726-8B6F-E5AC7D919E1A}.Release|Any CPU.Build.0 = Release|Any CPU
		{F67E5D13-E95A-4515-A433-1BF5C95D3D61}.Debug|Any CPU.ActiveCfg = Debug|Any CPU
		{F67E5D13-E95A-4515-A433-1BF5C95D3D61}.Debug|Any CPU.Build.0 = Debug|Any CPU
		{F67E5D13-E95A-4515-A433-1BF5C95D3D61}.Release|Any CPU.ActiveCfg = Release|Any CPU
		{F67E5D13-E95A-4515-A433-1BF5C95D3D61}.Release|Any CPU.Build.0 = Release|Any CPU
	EndGlobalSection
	GlobalSection(NestedProjects) = preSolution
		{B0678073-B0F7-419E-9F4C-ED42EE2E2BA8} = {5CC9AA90-E9A7-4A5B-99C8-5FCE4A9EF469}
		{EDFF6554-D1B6-4726-8B6F-E5AC7D919E1A} = {5CC9AA90-E9A7-4A5B-99C8-5FCE4A9EF469}
		{F67E5D13-E95A-4515-A433-1BF5C95D3D61} = {5CC9AA90-E9A7-4A5B-99C8-5FCE4A9EF469}
	EndGlobalSection
EndGlobal
